
Microsoft Visual Studio Solution File, Format Version 12.00
# Visual Studio Version 17
VisualStudioVersion = 17.1.32210.238
MinimumVisualStudioVersion = 10.0.40219.1
Project("{9A19103F-16F7-4668-BE54-9A1E7A4F7556}") = "WinFormsMDI2", "WinFormsMDI2\WinFormsMDI2.csproj", "{09D097CA-F820-49EF-9AB4-2685F3E4F7E5}"
EndProject
Project("{9A19103F-16F7-4668-BE54-9A1E7A4F7556}") = "WinFormsMDI2_Test", "WinFormsMDI2_Test\WinFormsMDI2_Test.csproj", "{3A36A439-C836-4DB4-BCA0-AB5FBDBC3B2C}"
EndProject
Project("{2150E333-8FDC-42A3-9474-1A3956D46DE8}") = "Examples", "Examples", "{E1388F2E-200E-4651-A601-8AC30EF2B4C2}"
EndProject
Project("{9A19103F-16F7-4668-BE54-9A1E7A4F7556}") = "SwitchTheme", "Examples\SwitchTheme\SwitchTheme.csproj", "{6E9FD083-CFBC-4082-B39B-C507A61741DD}"
EndProject
Project("{9A19103F-16F7-4668-BE54-9A1E7A4F7556}") = "MdiForm", "Examples\MdiForm\MdiForm.csproj", "{C6C0247E-FE2A-4D86-A2FA-6BAD6B705649}"
EndProject
Project("{FAE04EC0-301F-11D3-BF4B-00C04F79EFBC}") = "CustomTheme", "Exemple\CustomTheme\CustomTheme.csproj", "{F5911743-5672-4A9D-8934-9474636D30F4}"
EndProject
Global
	GlobalSection(SolutionConfigurationPlatforms) = preSolution
		Debug|Any CPU = Debug|Any CPU
		Release|Any CPU = Release|Any CPU
	EndGlobalSection
	GlobalSection(ProjectConfigurationPlatforms) = postSolution
		{09D097CA-F820-49EF-9AB4-2685F3E4F7E5}.Debug|Any CPU.ActiveCfg = Debug|Any CPU
		{09D097CA-F820-49EF-9AB4-2685F3E4F7E5}.Debug|Any CPU.Build.0 = Debug|Any CPU
		{09D097CA-F820-49EF-9AB4-2685F3E4F7E5}.Release|Any CPU.ActiveCfg = Release|Any CPU
		{09D097CA-F820-49EF-9AB4-2685F3E4F7E5}.Release|Any CPU.Build.0 = Release|Any CPU
		{3A36A439-C836-4DB4-BCA0-AB5FBDBC3B2C}.Debug|Any CPU.ActiveCfg = Debug|Any CPU
		{3A36A439-C836-4DB4-BCA0-AB5FBDBC3B2C}.Debug|Any CPU.Build.0 = Debug|Any CPU
		{3A36A439-C836-4DB4-BCA0-AB5FBDBC3B2C}.Release|Any CPU.ActiveCfg = Release|Any CPU
		{3A36A439-C836-4DB4-BCA0-AB5FBDBC3B2C}.Release|Any CPU.Build.0 = Release|Any CPU
		{6E9FD083-CFBC-4082-B39B-C507A61741DD}.Debug|Any CPU.ActiveCfg = Debug|Any CPU
		{6E9FD083-CFBC-4082-B39B-C507A61741DD}.Debug|Any CPU.Build.0 = Debug|Any CPU
		{6E9FD083-CFBC-4082-B39B-C507A61741DD}.Release|Any CPU.ActiveCfg = Release|Any CPU
		{6E9FD083-CFBC-4082-B39B-C507A61741DD}.Release|Any CPU.Build.0 = Release|Any CPU
		{C6C0247E-FE2A-4D86-A2FA-6BAD6B705649}.Debug|Any CPU.ActiveCfg = Debug|Any CPU
		{C6C0247E-FE2A-4D86-A2FA-6BAD6B705649}.Debug|Any CPU.Build.0 = Debug|Any CPU
		{C6C0247E-FE2A-4D86-A2FA-6BAD6B705649}.Release|Any CPU.ActiveCfg = Release|Any CPU
		{C6C0247E-FE2A-4D86-A2FA-6BAD6B705649}.Release|Any CPU.Build.0 = Release|Any CPU
		{F5911743-5672-4A9D-8934-9474636D30F4}.Debug|Any CPU.ActiveCfg = Debug|Any CPU
		{F5911743-5672-4A9D-8934-9474636D30F4}.Debug|Any CPU.Build.0 = Debug|Any CPU
		{F5911743-5672-4A9D-8934-9474636D30F4}.Release|Any CPU.ActiveCfg = Release|Any CPU
		{F5911743-5672-4A9D-8934-9474636D30F4}.Release|Any CPU.Build.0 = Release|Any CPU
	EndGlobalSection
	GlobalSection(SolutionProperties) = preSolution
		HideSolutionNode = FALSE
	EndGlobalSection
	GlobalSection(NestedProjects) = preSolution
		{6E9FD083-CFBC-4082-B39B-C507A61741DD} = {E1388F2E-200E-4651-A601-8AC30EF2B4C2}
		{C6C0247E-FE2A-4D86-A2FA-6BAD6B705649} = {E1388F2E-200E-4651-A601-8AC30EF2B4C2}
		{F5911743-5672-4A9D-8934-9474636D30F4} = {E1388F2E-200E-4651-A601-8AC30EF2B4C2}
	EndGlobalSection
	GlobalSection(ExtensibilityGlobals) = postSolution
		SolutionGuid = {CB9B27EF-FD16-4CBF-9B1C-625C4EF4CA56}
	EndGlobalSection
EndGlobal
